
Microsoft Visual Studio Solution File, Format Version 12.00
# Visual Studio 15
VisualStudioVersion = 15.0.28010.2026
MinimumVisualStudioVersion = 10.0.40219.1
Project("{FAE04EC0-301F-11D3-BF4B-00C04F79EFBC}") = "TestingPatterns", "TestingPatterns\TestingPatterns.csproj", "{C126EBA3-9737-466B-9E9C-E8ABA827519F}"
EndProject
Global
	GlobalSection(SolutionConfigurationPlatforms) = preSolution
		Debug|Any CPU = Debug|Any CPU
		Release|Any CPU = Release|Any CPU
	EndGlobalSection
	GlobalSection(ProjectConfigurationPlatforms) = postSolution
		{C126EBA3-9737-466B-9E9C-E8ABA827519F}.Debug|Any CPU.ActiveCfg = Debug|Any CPU
		{C126EBA3-9737-466B-9E9C-E8ABA827519F}.Debug|Any CPU.Build.0 = Debug|Any CPU
		{C126EBA3-9737-466B-9E9C-E8ABA827519F}.Release|Any CPU.ActiveCfg = Release|Any CPU
		{C126EBA3-9737-466B-9E9C-E8ABA827519F}.Release|Any CPU.Build.0 = Release|Any CPU
	EndGlobalSection
	GlobalSection(SolutionProperties) = preSolution
		HideSolutionNode = FALSE
	EndGlobalSection
	GlobalSection(ExtensibilityGlobals) = postSolution
		SolutionGuid = {6277B52D-7C96-409F-A9FB-493447BE5EDE}
	EndGlobalSection
EndGlobal
